
Microsoft Visual Studio Solution File, Format Version 12.00
# Visual Studio Version 17
VisualStudioVersion = 17.11.35312.102
MinimumVisualStudioVersion = 10.0.40219.1
Project("{FAE04EC0-301F-11D3-BF4B-00C04F79EFBC}") = "Week15OOPandFiles", "Week15OOPandFiles\Week15OOPandFiles.csproj", "{DCAECD78-1DC9-4813-9329-73DC2C25EA92}"
EndProject
Global
	GlobalSection(SolutionConfigurationPlatforms) = preSolution
		Debug|Any CPU = Debug|Any CPU
		Release|Any CPU = Release|Any CPU
	EndGlobalSection
	GlobalSection(ProjectConfigurationPlatforms) = postSolution
		{DCAECD78-1DC9-4813-9329-73DC2C25EA92}.Debug|Any CPU.ActiveCfg = Debug|Any CPU
		{DCAECD78-1DC9-4813-9329-73DC2C25EA92}.Debug|Any CPU.Build.0 = Debug|Any CPU
		{DCAECD78-1DC9-4813-9329-73DC2C25EA92}.Release|Any CPU.ActiveCfg = Release|Any CPU
		{DCAECD78-1DC9-4813-9329-73DC2C25EA92}.Release|Any CPU.Build.0 = Release|Any CPU
	EndGlobalSection
	GlobalSection(SolutionProperties) = preSolution
		HideSolutionNode = FALSE
	EndGlobalSection
	GlobalSection(ExtensibilityGlobals) = postSolution
		SolutionGuid = {46E72F8C-6A7F-49A1-89E2-6228A197B2E7}
	EndGlobalSection
EndGlobal
